Microsoft Visual Studio Solution File, Format Version 12.00
# Visual Studio Version 17
VisualStudioVersion = 17.5.2.0
MinimumVisualStudioVersion = 10.0.40219.1
Project("{FAE04EC0-301F-11D3-BF4B-00C04F79EFBC}") = "labyItems", "labyItems\labyItems.csproj", "{E01E1CBE-3F95-60A1-CDE7-5BB1C7A6104D}"
EndProject
Global
	GlobalSection(SolutionConfigurationPlatforms) = preSolution
		Debug|Any CPU = Debug|Any CPU
		Release|Any CPU = Release|Any CPU
	EndGlobalSection
	GlobalSection(ProjectConfigurationPlatforms) = postSolution
		{E01E1CBE-3F95-60A1-CDE7-5BB1C7A6104D}.Debug|Any CPU.ActiveCfg = Debug|Any CPU
		{E01E1CBE-3F95-60A1-CDE7-5BB1C7A6104D}.Debug|Any CPU.Build.0 = Debug|Any CPU
		{E01E1CBE-3F95-60A1-CDE7-5BB1C7A6104D}.Release|Any CPU.ActiveCfg = Release|Any CPU
		{E01E1CBE-3F95-60A1-CDE7-5BB1C7A6104D}.Release|Any CPU.Build.0 = Release|Any CPU
	EndGlobalSection
	GlobalSection(SolutionProperties) = preSolution
		HideSolutionNode = FALSE
	EndGlobalSection
	GlobalSection(ExtensibilityGlobals) = postSolution
		SolutionGuid = {C043843B-149F-4590-8520-AE47EAD21306}
	EndGlobalSection
EndGlobal
